// !$*UTF8*$!
{
	archiveVersion = 1;
	classes = {
	};
	objectVersion = 50;
	objects = {

/* Begin PBXBuildFile section */
		1CE9686F255A6B4A00BBFD43 /* AppDelegate.swift in Sources */ = {isa = PBXBuildFile; fileRef = 1CE9686E255A6B4A00BBFD43 /* AppDelegate.swift */; };
		1CE96871255A6B4A00BBFD43 /* SceneDelegate.swift in Sources */ = {isa = PBXBuildFile; fileRef = 1CE96870255A6B4A00BBFD43 /* SceneDelegate.swift */; };
		1CE96873255A6B4A00BBFD43 /* ViewController.swift in Sources */ = {isa = PBXBuildFile; fileRef = 1CE96872255A6B4A00BBFD43 /* ViewController.swift */; };
		1CE96876255A6B4A00BBFD43 /* Main.storyboard in Resources */ = {isa = PBXBuildFile; fileRef = 1CE96874255A6B4A00BBFD43 /* Main.storyboard */; };
		1CE96878255A6B4C00BBFD43 /* Assets.xcassets in Resources */ = {isa = PBXBuildFile; fileRef = 1CE96877255A6B4C00BBFD43 /* Assets.xcassets */; };
		1CE9687B255A6B4C00BBFD43 /* LaunchScreen.storyboard in Resources */ = {isa = PBXBuildFile; fileRef = 1CE96879255A6B4C00BBFD43 /* LaunchScreen.storyboard */; };
/* End PBXBuildFile section */

/* Begin PBXFileReference section */
		1CE9686B255A6B4A00BBFD43 /* CustomCompositor+SceneKit.app */ = {isa = PBXFileReference; explicitFileType = wrapper.application; includeInIndex = 0; path = "CustomCompositor+SceneKit.app"; sourceTree = BUILT_PRODUCTS_DIR; };
		1CE9686E255A6B4A00BBFD43 /* AppDelegate.swift */ = {isa = PBXFileReference; lastKnownFileType = sourcecode.swift; path = AppDelegate.swift; sourceTree = "<group>"; };
		1CE96870255A6B4A00BBFD43 /* SceneDelegate.swift */ = {isa = PBXFileReference; lastKnownFileType = sourcecode.swift; path = SceneDelegate.swift; sourceTree = "<group>"; };
		1CE96872255A6B4A00BBFD43 /* ViewController.swift */ = {isa = PBXFileReference; lastKnownFileType = sourcecode.swift; path = ViewController.swift; sourceTree = "<group>"; };
		1CE96875255A6B4A00BBFD43 /* Base */ = {isa = PBXFileReference; lastKnownFileType = file.storyboard; name = Base; path = Base.lproj/Main.storyboard; sourceTree = "<group>"; };
		1CE96877255A6B4C00BBFD43 /* Assets.xcassets */ = {isa = PBXFileReference; lastKnownFileType = folder.assetcatalog; path = Assets.xcassets; sourceTree = "<group>"; };
		1CE9687A255A6B4C00BBFD43 /* Base */ = {isa = PBXFileReference; lastKnownFileType = file.storyboard; name = Base; path = Base.lproj/LaunchScreen.storyboard; sourceTree = "<group>"; };
		1CE9687C255A6B4C00BBFD43 /* Info.plist */ = {isa = PBXFileReference; lastKnownFileType = text.plist.xml; path = Info.plist; sourceTree = "<group>"; };
/* End PBXFileReference section */

/* Begin PBXFrameworksBuildPhase section */
		1CE96868255A6B4A00BBFD43 /* Frameworks */ = {
			isa = PBXFrameworksBuildPhase;
			buildActionMask = 2147483647;
			files = (
			);
			runOnlyForDeploymentPostprocessing = 0;
		};
/* End PBXFrameworksBuildPhase section */

/* Begin PBXGroup section */
		1CE96862255A6B4A00BBFD43 = {
			isa = PBXGroup;
			children = (
				1CE9686D255A6B4A00BBFD43 /* CustomCompositor+SceneKit */,
				1CE9686C255A6B4A00BBFD43 /* Products */,
			);
			sourceTree = "<group>";
		};
		1CE9686C255A6B4A00BBFD43 /* Products */ = {
			isa = PBXGroup;
			children = (
				1CE9686B255A6B4A00BBFD43 /* CustomCompositor+SceneKit.app */,
			);
			name = Products;
			sourceTree = "<group>";
		};
		1CE9686D255A6B4A00BBFD43 /* CustomCompositor+SceneKit */ = {
			isa = PBXGroup;
			children = (
				1CE9686E255A6B4A00BBFD43 /* AppDelegate.swift */,
				1CE96870255A6B4A00BBFD43 /* SceneDelegate.swift */,
				1CE96872255A6B4A00BBFD43 /* ViewController.swift */,
				1CE96874255A6B4A00BBFD43 /* Main.storyboard */,
				1CE96877255A6B4C00BBFD43 /* Assets.xcassets */,
				1CE96879255A6B4C00BBFD43 /* LaunchScreen.storyboard */,
				1CE9687C255A6B4C00BBFD43 /* Info.plist */,
			);
			path = "CustomCompositor+SceneKit";
			sourceTree = "<group>";
		};
/* End PBXGroup section */

/* Begin PBXNativeTarget section */
		1CE9686A255A6B4A00BBFD43 /* CustomCompositor+SceneKit */ = {
			isa = PBXNativeTarget;
			buildConfigurationList = 1CE9687F255A6B4C00BBFD43 /* Build configuration list for PBXNativeTarget "CustomCompositor+SceneKit" */;
			buildPhases = (
				1CE96867255A6B4A00BBFD43 /* Sources */,
				1CE96868255A6B4A00BBFD43 /* Frameworks */,
				1CE96869255A6B4A00BBFD43 /* Resources */,
			);
			buildRules = (
			);
			dependencies = (
			);
			name = "CustomCompositor+SceneKit";
			productName = "CustomCompositor+SceneKit";
			productReference = 1CE9686B255A6B4A00BBFD43 /* CustomCompositor+SceneKit.app */;
			productType = "com.apple.product-type.application";
		};
/* End PBXNativeTarget section */

/* Begin PBXProject section */
		1CE96863255A6B4A00BBFD43 /* Project object */ = {
			isa = PBXProject;
			attributes = {
				LastSwiftUpdateCheck = 1210;
				LastUpgradeCheck = 1210;
				TargetAttributes = {
					1CE9686A255A6B4A00BBFD43 = {
						CreatedOnToolsVersion = 12.1;
					};
				};
			};
			buildConfigurationList = 1CE96866255A6B4A00BBFD43 /* Build configuration list for PBXProject "CustomCompositor+SceneKit" */;
			compatibilityVersion = "Xcode 9.3";
			developmentRegion = en;
			hasScannedForEncodings = 0;
			knownRegions = (
				en,
				Base,
			);
			mainGroup = 1CE96862255A6B4A00BBFD43;
			productRefGroup = 1CE9686C255A6B4A00BBFD43 /* Products */;
			projectDirPath = "";
			projectRoot = "";
			targets = (
				1CE9686A255A6B4A00BBFD43 /* CustomCompositor+SceneKit */,
			);
		};
/* End PBXProject section */

/* Begin PBXResourcesBuildPhase section */
		1CE96869255A6B4A00BBFD43 /* Resources */ = {
			isa = PBXResourcesBuildPhase;
			buildActionMask = 2147483647;
			files = (
				1CE9687B255A6B4C00BBFD43 /* LaunchScreen.storyboard in Resources */,
				1CE96878255A6B4C00BBFD43 /* Assets.xcassets in Resources */,
				1CE96876255A6B4A00BBFD43 /* Main.storyboard in Resources */,
			);
			runOnlyForDeploymentPostprocessing = 0;
		};
/* End PBXResourcesBuildPhase section */

/* Begin PBXSourcesBuildPhase section */
		1CE96867255A6B4A00BBFD43 /* Sources */ = {
			isa = PBXSourcesBuildPhase;
			buildActionMask = 2147483647;
			files = (
				1CE96873255A6B4A00BBFD43 /* ViewController.swift in Sources */,
				1CE9686F255A6B4A00BBFD43 /* AppDelegate.swift in Sources */,
				1CE96871255A6B4A00BBFD43 /* SceneDelegate.swift in Sources */,
			);
			runOnlyForDeploymentPostprocessing = 0;
		};
/* End PBXSourcesBuildPhase section */

/* Begin PBXVariantGroup section */
		1CE96874255A6B4A00BBFD43 /* Main.storyboard */ = {
			isa = PBXVariantGroup;
			children = (
				1CE96875255A6B4A00BBFD43 /* Base */,
			);
			name = Main.storyboard;
			sourceTree = "<group>";
		};
		1CE96879255A6B4C00BBFD43 /* LaunchScreen.storyboard */ = {
			isa = PBXVariantGroup;
			children = (
				1CE9687A255A6B4C00BBFD43 /* Base */,
			);
			name = LaunchScreen.storyboard;
			sourceTree = "<group>";
		};
/* End PBXVariantGroup section */

/* Begin XCBuildConfiguration section */
		1CE9687D255A6B4C00BBFD43 /* Debug */ = {
			isa = XCBuildConfiguration;
			buildSettings = {
				ALWAYS_SEARCH_USER_PATHS = NO;
				CLANG_ANALYZER_NONNULL = YES;
				CLANG_ANALYZER_NUMBER_OBJECT_CONVERSION = YES_AGGRESSIVE;
				CLANG_CXX_LANGUAGE_STANDARD = "gnu++14";
				CLANG_CXX_LIBRARY = "libc++";
				CLANG_ENABLE_MODULES = YES;
				CLANG_ENABLE_OBJC_ARC = YES;
				CLANG_ENABLE_OBJC_WEAK = YES;
				CLANG_WARN_BLOCK_CAPTURE_AUTORELEASING = YES;
				CLANG_WARN_BOOL_CONVERSION = YES;
				CLANG_WARN_COMMA = YES;
				CLANG_WARN_CONSTANT_CONVERSION = YES;
				CLANG_WARN_DEPRECATED_OBJC_IMPLEMENTATIONS = YES;
				CLANG_WARN_DIRECT_OBJC_ISA_USAGE = YES_ERROR;
				CLANG_WARN_DOCUMENTATION_COMMENTS = YES;
				CLANG_WARN_EMPTY_BODY = YES;
				CLANG_WARN_ENUM_CONVERSION = YES;
				CLANG_WARN_INFINITE_RECURSION = YES;
				CLANG_WARN_INT_CONVERSION = YES;
				CLANG_WARN_NON_LITERAL_NULL_CONVERSION = YES;
				CLANG_WARN_OBJC_IMPLICIT_RETAIN_SELF = YES;
				CLANG_WARN_OBJC_LITERAL_CONVERSION = YES;
				CLANG_WARN_OBJC_ROOT_CLASS = YES_ERROR;
				CLANG_WARN_QUOTED_INCLUDE_IN_FRAMEWORK_HEADER = YES;
				CLANG_WARN_RANGE_LOOP_ANALYSIS = YES;
				CLANG_WARN_STRICT_PROTOTYPES = YES;
				CLANG_WARN_SUSPICIOUS_MOVE = YES;
				CLANG_WARN_UNGUARDED_AVAILABILITY = YES_AGGRESSIVE;
				CLANG_WARN_UNREACHABLE_CODE = YES;
				CLANG_WARN__DUPLICATE_METHOD_MATCH = YES;
				COPY_PHASE_STRIP = NO;
				DEBUG_INFORMATION_FORMAT = dwarf;
				ENABLE_STRICT_OBJC_MSGSEND = YES;
				ENABLE_TESTABILITY = YES;
				GCC_C_LANGUAGE_STANDARD = gnu11;
				GCC_DYNAMIC_NO_PIC = NO;
				GCC_NO_COMMON_BLOCKS = YES;
				GCC_OPTIMIZATION_LEVEL = 0;
				GCC_PREPROCESSOR_DEFINITIONS = (
					"DEBUG=1",
					"$(inherited)",
				);
				GCC_WARN_64_TO_32_BIT_CONVERSION = YES;
				GCC_WARN_ABOUT_RETURN_TYPE = YES_ERROR;
				GCC_WARN_UNDECLARED_SELECTOR = YES;
				GCC_WARN_UNINITIALIZED_AUTOS = YES_AGGRESSIVE;
				GCC_WARN_UNUSED_FUNCTION = YES;
				GCC_WARN_UNUSED_VARIABLE = YES;
				IPHONEOS_DEPLOYMENT_TARGET = 14.1;
				MTL_ENABLE_DEBUG_INFO = INCLUDE_SOURCE;
				MTL_FAST_MATH = YES;
				ONLY_ACTIVE_ARCH = YES;
				SDKROOT = iphoneos;
				SWIFT_ACTIVE_COMPILATION_CONDITIONS = DEBUG;
				SWIFT_OPTIMIZATION_LEVEL = "-Onone";
			};
			name = Debug;
		};
		1CE9687E255A6B4C00BBFD43 /* Release */ = {
			isa = XCBuildConfiguration;
			buildSettings = {
				ALWAYS_SEARCH_USER_PATHS = NO;
				CLANG_ANALYZER_NONNULL = YES;
				CLANG_ANALYZER_NUMBER_OBJECT_CONVERSION = YES_AGGRESSIVE;
				CLANG_CXX_LANGUAGE_STANDARD = "gnu++14";
				CLANG_CXX_LIBRARY = "libc++";
				CLANG_ENABLE_MODULES = YES;
				CLANG_ENABLE_OBJC_ARC = YES;
				CLANG_ENABLE_OBJC_WEAK = YES;
				CLANG_WARN_BLOCK_CAPTURE_AUTORELEASING = YES;
				CLANG_WARN_BOOL_CONVERSION = YES;
				CLANG_WARN_COMMA = YES;
				CLANG_WARN_CONSTANT_CONVERSION = YES;
				CLANG_WARN_DEPRECATED_OBJC_IMPLEMENTATIONS = YES;
				CLANG_WARN_DIRECT_OBJC_ISA_USAGE = YES_ERROR;
				CLANG_WARN_DOCUMENTATION_COMMENTS = YES;
				CLANG_WARN_EMPTY_BODY = YES;
				CLANG_WARN_ENUM_CONVERSION = YES;
				CLANG_WARN_INFINITE_RECURSION = YES;
				CLANG_WARN_INT_CONVERSION = YES;
				CLANG_WARN_NON_LITERAL_NULL_CONVERSION = YES;
				CLANG_WARN_OBJC_IMPLICIT_RETAIN_SELF = YES;
				CLANG_WARN_OBJC_LITERAL_CONVERSION = YES;
				CLANG_WARN_OBJC_ROOT_CLASS = YES_ERROR;
				CLANG_WARN_QUOTED_INCLUDE_IN_FRAMEWORK_HEADER = YES;
				CLANG_WARN_RANGE_LOOP_ANALYSIS = YES;
				CLANG_WARN_STRICT_PROTOTYPES = YES;
				CLANG_WARN_SUSPICIOUS_MOVE = YES;
				CLANG_WARN_UNGUARDED_AVAILABILITY = YES_AGGRESSIVE;
				CLANG_WARN_UNREACHABLE_CODE = YES;
				CLANG_WARN__DUPLICATE_METHOD_MATCH = YES;
				COPY_PHASE_STRIP = NO;
				DEBUG_INFORMATION_FORMAT = "dwarf-with-dsym";
				ENABLE_NS_ASSERTIONS = NO;
				ENABLE_STRICT_OBJC_MSGSEND = YES;
				GCC_C_LANGUAGE_STANDARD = gnu11;
				GCC_NO_COMMON_BLOCKS = YES;
				GCC_WARN_64_TO_32_BIT_CONVERSION = YES;
				GCC_WARN_ABOUT_RETURN_TYPE = YES_ERROR;
				GCC_WARN_UNDECLARED_SELECTOR = YES;
				GCC_WARN_UNINITIALIZED_AUTOS = YES_AGGRESSIVE;
				GCC_WARN_UNUSED_FUNCTION = YES;
				GCC_WARN_UNUSED_VARIABLE = YES;
				IPHONEOS_DEPLOYMENT_TARGET = 14.1;
				MTL_ENABLE_DEBUG_INFO = NO;
				MTL_FAST_MATH = YES;
				SDKROOT = iphoneos;
				SWIFT_COMPILATION_MODE = wholemodule;
				SWIFT_OPTIMIZATION_LEVEL = "-O";
				VALIDATE_PRODUCT = YES;
			};
			name = Release;
		};
		1CE96880255A6B4C00BBFD43 /* Debug */ = {
			isa = XCBuildConfiguration;
			buildSettings = {
				ASSETCATALOG_COMPILER_APPICON_NAME = AppIcon;
				ASSETCATALOG_COMPILER_GLOBAL_ACCENT_COLOR_NAME = AccentColor;
				CODE_SIGN_STYLE = Automatic;
				INFOPLIST_FILE = "CustomCompositor+SceneKit/Info.plist";
				LD_RUNPATH_SEARCH_PATHS = (
					"$(inherited)",
					"@executable_path/Frameworks",
				);
				PRODUCT_BUNDLE_IDENTIFIER = "com.rohansanap.CustomCompositor-SceneKit";
				PRODUCT_NAME = "$(TARGET_NAME)";
				SWIFT_VERSION = 5.0;
				TARGETED_DEVICE_FAMILY = "1,2";
			};
			name = Debug;
		};
		1CE96881255A6B4C00BBFD43 /* Release */ = {
			isa = XCBuildConfiguration;
			buildSettings = {
				ASSETCATALOG_COMPILER_APPICON_NAME = AppIcon;
				ASSETCATALOG_COMPILER_GLOBAL_ACCENT_COLOR_NAME = AccentColor;
				CODE_SIGN_STYLE = Automatic;
				INFOPLIST_FILE = "CustomCompositor+SceneKit/Info.plist";
				LD_RUNPATH_SEARCH_PATHS = (
					"$(inherited)",
					"@executable_path/Frameworks",
				);
				PRODUCT_BUNDLE_IDENTIFIER = "com.rohansanap.CustomCompositor-SceneKit";
				PRODUCT_NAME = "$(TARGET_NAME)";
				SWIFT_VERSION = 5.0;
				TARGETED_DEVICE_FAMILY = "1,2";
			};
			name = Release;
		};
/* End XCBuildConfiguration section */

/* Begin XCConfigurationList section */
		1CE96866255A6B4A00BBFD43 /* Build configuration list for PBXProject "CustomCompositor+SceneKit" */ = {
			isa = XCConfigurationList;
			buildConfigurations = (
				1CE9687D255A6B4C00BBFD43 /* Debug */,
				1CE9687E255A6B4C00BBFD43 /* Release */,
			);
			defaultConfigurationIsVisible = 0;
			defaultConfigurationName = Release;
		};
		1CE9687F255A6B4C00BBFD43 /* Build configuration list for PBXNativeTarget "CustomCompositor+SceneKit" */ = {
			isa = XCConfigurationList;
			buildConfigurations = (
				1CE96880255A6B4C00BBFD43 /* Debug */,
				1CE96881255A6B4C00BBFD43 /* Release */,
			);
			defaultConfigurationIsVisible = 0;
			defaultConfigurationName = Release;
		};
/* End XCConfigurationList section */
	};
	rootObject = 1CE96863255A6B4A00BBFD43 /* Project object */;
}
